
Microsoft Visual Studio Solution File, Format Version 12.00
# 
Project("{FAE04EC0-301F-11D3-BF4B-00C04F79EFBC}") = "WorkServiceSeven", "WorkServiceSeven\WorkServiceSeven.csproj", "{E41402E8-09C1-4A75-AC79-7852B74DC42D}"
EndProject
Project("{FAE04EC0-301F-11D3-BF4B-00C04F79EFBC}") = "WorkServiceEight", "WorkServiceEight\WorkServiceEight.csproj", "{0AEFA0C6-D795-48C8-9525-DC262E1D0933}"
EndProject
Project("{FAE04EC0-301F-11D3-BF4B-00C04F79EFBC}") = "Core7Library", "Core7Library\Core7Library.csproj", "{6F1D3CF4-CDF5-4C76-A22F-A8E260E21349}"
EndProject
Project("{FAE04EC0-301F-11D3-BF4B-00C04F79EFBC}") = "TestingTime", "TestingTime\TestingTime.csproj", "{BE344C56-1269-48E0-BE52-A29BF35E3F67}"
EndProject
Project("{FAE04EC0-301F-11D3-BF4B-00C04F79EFBC}") = "Core8Library", "Core8Library\Core8Library.csproj", "{B47EC944-B3CE-4FF6-848D-AEF142BF455E}"
EndProject
Global
	GlobalSection(SolutionConfigurationPlatforms) = preSolution
		Debug|Any CPU = Debug|Any CPU
		Release|Any CPU = Release|Any CPU
	EndGlobalSection
	GlobalSection(ProjectConfigurationPlatforms) = postSolution
		{E41402E8-09C1-4A75-AC79-7852B74DC42D}.Debug|Any CPU.ActiveCfg = Debug|Any CPU
		{E41402E8-09C1-4A75-AC79-7852B74DC42D}.Debug|Any CPU.Build.0 = Debug|Any CPU
		{E41402E8-09C1-4A75-AC79-7852B74DC42D}.Release|Any CPU.ActiveCfg = Release|Any CPU
		{E41402E8-09C1-4A75-AC79-7852B74DC42D}.Release|Any CPU.Build.0 = Release|Any CPU
		{0AEFA0C6-D795-48C8-9525-DC262E1D0933}.Debug|Any CPU.ActiveCfg = Debug|Any CPU
		{0AEFA0C6-D795-48C8-9525-DC262E1D0933}.Debug|Any CPU.Build.0 = Debug|Any CPU
		{0AEFA0C6-D795-48C8-9525-DC262E1D0933}.Release|Any CPU.ActiveCfg = Release|Any CPU
		{0AEFA0C6-D795-48C8-9525-DC262E1D0933}.Release|Any CPU.Build.0 = Release|Any CPU
		{6F1D3CF4-CDF5-4C76-A22F-A8E260E21349}.Debug|Any CPU.ActiveCfg = Debug|Any CPU
		{6F1D3CF4-CDF5-4C76-A22F-A8E260E21349}.Debug|Any CPU.Build.0 = Debug|Any CPU
		{6F1D3CF4-CDF5-4C76-A22F-A8E260E21349}.Release|Any CPU.ActiveCfg = Release|Any CPU
		{6F1D3CF4-CDF5-4C76-A22F-A8E260E21349}.Release|Any CPU.Build.0 = Release|Any CPU
		{BE344C56-1269-48E0-BE52-A29BF35E3F67}.Debug|Any CPU.ActiveCfg = Debug|Any CPU
		{BE344C56-1269-48E0-BE52-A29BF35E3F67}.Debug|Any CPU.Build.0 = Debug|Any CPU
		{BE344C56-1269-48E0-BE52-A29BF35E3F67}.Release|Any CPU.ActiveCfg = Release|Any CPU
		{BE344C56-1269-48E0-BE52-A29BF35E3F67}.Release|Any CPU.Build.0 = Release|Any CPU
		{B47EC944-B3CE-4FF6-848D-AEF142BF455E}.Debug|Any CPU.ActiveCfg = Debug|Any CPU
		{B47EC944-B3CE-4FF6-848D-AEF142BF455E}.Debug|Any CPU.Build.0 = Debug|Any CPU
		{B47EC944-B3CE-4FF6-848D-AEF142BF455E}.Release|Any CPU.ActiveCfg = Release|Any CPU
		{B47EC944-B3CE-4FF6-848D-AEF142BF455E}.Release|Any CPU.Build.0 = Release|Any CPU
	EndGlobalSection
EndGlobal
